
Microsoft Visual Studio Solution File, Format Version 12.00
# Visual Studio Version 16
VisualStudioVersion = 16.0.31424.327
MinimumVisualStudioVersion = 10.0.40219.1
Project("{9A19103F-16F7-4668-BE54-9A1E7A4F7556}") = "FormExample", "FormExample\FormExample.csproj", "{74163F5D-ED2C-4CA2-872E-D0F3731F13DC}"
EndProject
Global
	GlobalSection(SolutionConfigurationPlatforms) = preSolution
		Debug|Any CPU = Debug|Any CPU
		Release|Any CPU = Release|Any CPU
	EndGlobalSection
	GlobalSection(ProjectConfigurationPlatforms) = postSolution
		{74163F5D-ED2C-4CA2-872E-D0F3731F13DC}.Debug|Any CPU.ActiveCfg = Debug|Any CPU
		{74163F5D-ED2C-4CA2-872E-D0F3731F13DC}.Debug|Any CPU.Build.0 = Debug|Any CPU
		{74163F5D-ED2C-4CA2-872E-D0F3731F13DC}.Release|Any CPU.ActiveCfg = Release|Any CPU
		{74163F5D-ED2C-4CA2-872E-D0F3731F13DC}.Release|Any CPU.Build.0 = Release|Any CPU
	EndGlobalSection
	GlobalSection(SolutionProperties) = preSolution
		HideSolutionNode = FALSE
	EndGlobalSection
	GlobalSection(ExtensibilityGlobals) = postSolution
		SolutionGuid = {AABD8398-A7F8-481B-91C7-6517748D132A}
	EndGlobalSection
EndGlobal
